
Microsoft Visual Studio Solution File, Format Version 12.00
# Visual Studio 15
VisualStudioVersion = 15.0.27428.2015
MinimumVisualStudioVersion = 10.0.40219.1
Project("{9A19103F-16F7-4668-BE54-9A1E7A4F7556}") = "Stave", "Stave\Stave.csproj", "{555EC331-AD9C-4FE7-80E9-95A3A4A6B76A}"
EndProject
Project("{2150E333-8FDC-42A3-9474-1A3956D46DE8}") = "External", "External", "{694E9E05-4598-4FAD-B760-64B7C307EF3E}"
EndProject
Project("{FAE04EC0-301F-11D3-BF4B-00C04F79EFBC}") = "Diese.Collections (Stave)", "Diese.Collections (Stave)\Diese.Collections (Stave).csproj", "{254AD961-B5C6-4F16-99A2-ABBCF231ED21}"
EndProject
Global
	GlobalSection(SolutionConfigurationPlatforms) = preSolution
		Debug|Any CPU = Debug|Any CPU
		Release|Any CPU = Release|Any CPU
	EndGlobalSection
	GlobalSection(ProjectConfigurationPlatforms) = postSolution
		{555EC331-AD9C-4FE7-80E9-95A3A4A6B76A}.Debug|Any CPU.ActiveCfg = Debug|Any CPU
		{555EC331-AD9C-4FE7-80E9-95A3A4A6B76A}.Debug|Any CPU.Build.0 = Debug|Any CPU
		{555EC331-AD9C-4FE7-80E9-95A3A4A6B76A}.Release|Any CPU.ActiveCfg = Release|Any CPU
		{555EC331-AD9C-4FE7-80E9-95A3A4A6B76A}.Release|Any CPU.Build.0 = Release|Any CPU
		{254AD961-B5C6-4F16-99A2-ABBCF231ED21}.Debug|Any CPU.ActiveCfg = Debug|Any CPU
		{254AD961-B5C6-4F16-99A2-ABBCF231ED21}.Debug|Any CPU.Build.0 = Debug|Any CPU
		{254AD961-B5C6-4F16-99A2-ABBCF231ED21}.Release|Any CPU.ActiveCfg = Release|Any CPU
		{254AD961-B5C6-4F16-99A2-ABBCF231ED21}.Release|Any CPU.Build.0 = Release|Any CPU
	EndGlobalSection
	GlobalSection(SolutionProperties) = preSolution
		HideSolutionNode = FALSE
	EndGlobalSection
	GlobalSection(NestedProjects) = preSolution
		{254AD961-B5C6-4F16-99A2-ABBCF231ED21} = {694E9E05-4598-4FAD-B760-64B7C307EF3E}
	EndGlobalSection
	GlobalSection(ExtensibilityGlobals) = postSolution
		SolutionGuid = {34792A11-F2E7-4DB1-B28F-635CD8D80A0E}
	EndGlobalSection
EndGlobal
